
Microsoft Visual Studio Solution File, Format Version 12.00
Project("{FAE04EC0-301F-11D3-BF4B-00C04F79EFBC}") = "Captain_Alex", "Captain_Alex\Captain_Alex.csproj", "{273A4EB3-AB3C-4A32-BE37-04B304E0C874}"
EndProject
Global
	GlobalSection(SolutionConfigurationPlatforms) = preSolution
		Debug|Any CPU = Debug|Any CPU
		Release|Any CPU = Release|Any CPU
	EndGlobalSection
	GlobalSection(ProjectConfigurationPlatforms) = postSolution
		{273A4EB3-AB3C-4A32-BE37-04B304E0C874}.Debug|Any CPU.ActiveCfg = Debug|Any CPU
		{273A4EB3-AB3C-4A32-BE37-04B304E0C874}.Debug|Any CPU.Build.0 = Debug|Any CPU
		{273A4EB3-AB3C-4A32-BE37-04B304E0C874}.Release|Any CPU.ActiveCfg = Release|Any CPU
		{273A4EB3-AB3C-4A32-BE37-04B304E0C874}.Release|Any CPU.Build.0 = Release|Any CPU
	EndGlobalSection
EndGlobal
